
Microsoft Visual Studio Solution File, Format Version 12.00
# Visual Studio Version 16
VisualStudioVersion = 16.0.810.20
MinimumVisualStudioVersion = 10.0.40219.1
Project("{8BC9CEB9-8B4A-11D0-8D11-00A0C91BC942}") = "AssetStoreTools", "AssetStoreTools.dll", "{4F49EACE-4A39-44C6-8D67-D18CE4116B93}"
EndProject
Global
	GlobalSection(SolutionConfigurationPlatforms) = preSolution
		Default|Any CPU = Default|Any CPU
	EndGlobalSection
	GlobalSection(ProjectConfigurationPlatforms) = postSolution
		{4F49EACE-4A39-44C6-8D67-D18CE4116B93}.Default|Any CPU.ActiveCfg = Default|Any CPU
		{4F49EACE-4A39-44C6-8D67-D18CE4116B93}.Default|Any CPU.Build.0 = Default|Any CPU
	EndGlobalSection
	GlobalSection(SolutionProperties) = preSolution
		HideSolutionNode = FALSE
	EndGlobalSection
	GlobalSection(ExtensibilityGlobals) = postSolution
		SolutionGuid = {686D38C5-D881-4C00-B802-B334160DF77A}
	EndGlobalSection
EndGlobal
